
Microsoft Visual Studio Solution File, Format Version 12.00
# Visual Studio 15
VisualStudioVersion = 15.0.27004.2006
MinimumVisualStudioVersion = 10.0.40219.1
Project("{9A19103F-16F7-4668-BE54-9A1E7A4F7556}") = "NotDeadYet", "NotDeadYet\NotDeadYet.csproj", "{8FD121DC-D464-400E-8561-3F3FC7359BAA}"
EndProject
Project("{9A19103F-16F7-4668-BE54-9A1E7A4F7556}") = "NotDeadYet.UnitTests", "NotDeadYet.UnitTests\NotDeadYet.UnitTests.csproj", "{871AB009-036A-41A3-90A4-B3F38DEF5702}"
EndProject
Project("{2150E333-8FDC-42A3-9474-1A3956D46DE8}") = "Samples", "Samples", "{9779E7D4-7822-4B67-BBED-0DD9310DD065}"
EndProject
Project("{9A19103F-16F7-4668-BE54-9A1E7A4F7556}") = "NotDeadYet.MVC4", "NotDeadYet.MVC4\NotDeadYet.MVC4.csproj", "{658D5E7D-8CBE-461F-84EA-0E6BFA70A42F}"
EndProject
Project("{FAE04EC0-301F-11D3-BF4B-00C04F79EFBC}") = "NotDeadYet.Samples.Nancy", "Samples\NotDeadYet.Samples.Nancy\NotDeadYet.Samples.Nancy.csproj", "{FC2DB945-A294-4952-A5B0-08F4AA8AC9A4}"
EndProject
Project("{9A19103F-16F7-4668-BE54-9A1E7A4F7556}") = "NotDeadYet.Nancy", "NotDeadYet.Nancy\NotDeadYet.Nancy.csproj", "{FF6E54D4-821A-4D01-AA75-DF71FEA5B7A7}"
EndProject
Project("{2150E333-8FDC-42A3-9474-1A3956D46DE8}") = "Solution Items", "Solution Items", "{CD3BA019-77D5-4F94-AE51-F31531C4E322}"
	ProjectSection(SolutionItems) = preProject
		..\appveyor.yml = ..\appveyor.yml
		..\Build.ps1 = ..\Build.ps1
		..\README.md = ..\README.md
	EndProjectSection
EndProject
Project("{9A19103F-16F7-4668-BE54-9A1E7A4F7556}") = "NotDeadYet.WebApi", "NotDeadYet.WebApi\NotDeadYet.WebApi.csproj", "{D146A024-6385-4D93-AB69-872093D4EAE3}"
EndProject
Project("{FAE04EC0-301F-11D3-BF4B-00C04F79EFBC}") = "NotDeadYet.Samples.WebApi", "Samples\NotDeadYet.Samples.WebApi\NotDeadYet.Samples.WebApi.csproj", "{FFF62411-0116-4936-9FC5-88CFB3546AC1}"
EndProject
Project("{9A19103F-16F7-4668-BE54-9A1E7A4F7556}") = "NotDeadYet.Samples.AspNetCore", "NotDeadYet.Samples.AspNetCore\NotDeadYet.Samples.AspNetCore.csproj", "{9BB875CD-3713-4816-81A7-7FE21A573039}"
EndProject
Project("{9A19103F-16F7-4668-BE54-9A1E7A4F7556}") = "NotDeadYet.AspNetCore", "NotDeadYet.AspNetCore\NotDeadYet.AspNetCore.csproj", "{F1E9D55F-7DB0-45B7-A475-FA0E678EFFF1}"
EndProject
Global
	GlobalSection(SolutionConfigurationPlatforms) = preSolution
		Debug|Any CPU = Debug|Any CPU
		Release|Any CPU = Release|Any CPU
	EndGlobalSection
	GlobalSection(ProjectConfigurationPlatforms) = postSolution
		{8FD121DC-D464-400E-8561-3F3FC7359BAA}.Debug|Any CPU.ActiveCfg = Debug|Any CPU
		{8FD121DC-D464-400E-8561-3F3FC7359BAA}.Debug|Any CPU.Build.0 = Debug|Any CPU
		{8FD121DC-D464-400E-8561-3F3FC7359BAA}.Release|Any CPU.ActiveCfg = Release|Any CPU
		{8FD121DC-D464-400E-8561-3F3FC7359BAA}.Release|Any CPU.Build.0 = Release|Any CPU
		{871AB009-036A-41A3-90A4-B3F38DEF5702}.Debug|Any CPU.ActiveCfg = Debug|Any CPU
		{871AB009-036A-41A3-90A4-B3F38DEF5702}.Debug|Any CPU.Build.0 = Debug|Any CPU
		{871AB009-036A-41A3-90A4-B3F38DEF5702}.Release|Any CPU.ActiveCfg = Release|Any CPU
		{871AB009-036A-41A3-90A4-B3F38DEF5702}.Release|Any CPU.Build.0 = Release|Any CPU
		{658D5E7D-8CBE-461F-84EA-0E6BFA70A42F}.Debug|Any CPU.ActiveCfg = Debug|Any CPU
		{658D5E7D-8CBE-461F-84EA-0E6BFA70A42F}.Debug|Any CPU.Build.0 = Debug|Any CPU
		{658D5E7D-8CBE-461F-84EA-0E6BFA70A42F}.Release|Any CPU.ActiveCfg = Release|Any CPU
		{658D5E7D-8CBE-461F-84EA-0E6BFA70A42F}.Release|Any CPU.Build.0 = Release|Any CPU
		{FC2DB945-A294-4952-A5B0-08F4AA8AC9A4}.Debug|Any CPU.ActiveCfg = Debug|Any CPU
		{FC2DB945-A294-4952-A5B0-08F4AA8AC9A4}.Debug|Any CPU.Build.0 = Debug|Any CPU
		{FC2DB945-A294-4952-A5B0-08F4AA8AC9A4}.Release|Any CPU.ActiveCfg = Release|Any CPU
		{FC2DB945-A294-4952-A5B0-08F4AA8AC9A4}.Release|Any CPU.Build.0 = Release|Any CPU
		{FF6E54D4-821A-4D01-AA75-DF71FEA5B7A7}.Debug|Any CPU.ActiveCfg = Debug|Any CPU
		{FF6E54D4-821A-4D01-AA75-DF71FEA5B7A7}.Debug|Any CPU.Build.0 = Debug|Any CPU
		{FF6E54D4-821A-4D01-AA75-DF71FEA5B7A7}.Release|Any CPU.ActiveCfg = Release|Any CPU
		{FF6E54D4-821A-4D01-AA75-DF71FEA5B7A7}.Release|Any CPU.Build.0 = Release|Any CPU
		{D146A024-6385-4D93-AB69-872093D4EAE3}.Debug|Any CPU.ActiveCfg = Debug|Any CPU
		{D146A024-6385-4D93-AB69-872093D4EAE3}.Debug|Any CPU.Build.0 = Debug|Any CPU
		{D146A024-6385-4D93-AB69-872093D4EAE3}.Release|Any CPU.ActiveCfg = Release|Any CPU
		{D146A024-6385-4D93-AB69-872093D4EAE3}.Release|Any CPU.Build.0 = Release|Any CPU
		{FFF62411-0116-4936-9FC5-88CFB3546AC1}.Debug|Any CPU.ActiveCfg = Debug|Any CPU
		{FFF62411-0116-4936-9FC5-88CFB3546AC1}.Debug|Any CPU.Build.0 = Debug|Any CPU
		{FFF62411-0116-4936-9FC5-88CFB3546AC1}.Release|Any CPU.ActiveCfg = Release|Any CPU
		{FFF62411-0116-4936-9FC5-88CFB3546AC1}.Release|Any CPU.Build.0 = Release|Any CPU
		{9BB875CD-3713-4816-81A7-7FE21A573039}.Debug|Any CPU.ActiveCfg = Debug|Any CPU
		{9BB875CD-3713-4816-81A7-7FE21A573039}.Debug|Any CPU.Build.0 = Debug|Any CPU
		{9BB875CD-3713-4816-81A7-7FE21A573039}.Release|Any CPU.ActiveCfg = Release|Any CPU
		{9BB875CD-3713-4816-81A7-7FE21A573039}.Release|Any CPU.Build.0 = Release|Any CPU
		{F1E9D55F-7DB0-45B7-A475-FA0E678EFFF1}.Debug|Any CPU.ActiveCfg = Debug|Any CPU
		{F1E9D55F-7DB0-45B7-A475-FA0E678EFFF1}.Debug|Any CPU.Build.0 = Debug|Any CPU
		{F1E9D55F-7DB0-45B7-A475-FA0E678EFFF1}.Release|Any CPU.ActiveCfg = Release|Any CPU
		{F1E9D55F-7DB0-45B7-A475-FA0E678EFFF1}.Release|Any CPU.Build.0 = Release|Any CPU
	EndGlobalSection
	GlobalSection(SolutionProperties) = preSolution
		HideSolutionNode = FALSE
	EndGlobalSection
	GlobalSection(NestedProjects) = preSolution
		{FC2DB945-A294-4952-A5B0-08F4AA8AC9A4} = {9779E7D4-7822-4B67-BBED-0DD9310DD065}
		{FFF62411-0116-4936-9FC5-88CFB3546AC1} = {9779E7D4-7822-4B67-BBED-0DD9310DD065}
		{9BB875CD-3713-4816-81A7-7FE21A573039} = {9779E7D4-7822-4B67-BBED-0DD9310DD065}
	EndGlobalSection
	GlobalSection(ExtensibilityGlobals) = postSolution
		SolutionGuid = {90C7C069-1FCA-43C1-A6E0-D9149E79897E}
	EndGlobalSection
EndGlobal
